Microsoft Visual Studio Solution File, Format Version 12.00
# Visual Studio Version 17
VisualStudioVersion = 17.0.31606.5
MinimumVisualStudioVersion = 10.0.40219.1
Project("{9A19103F-16F7-4668-BE54-9A1E7A4F7556}") = "HaselTweaks", "HaselTweaks\HaselTweaks.csproj", "{66F84C6F-1F37-4331-AD98-92C10C931CCF}"
EndProject
Project("{9A19103F-16F7-4668-BE54-9A1E7A4F7556}") = "HaselCommon", "HaselCommon\HaselCommon\HaselCommon.csproj", "{12F3003D-1236-4490-A88D-E72092F17DCB}"
EndProject
Project("{9A19103F-16F7-4668-BE54-9A1E7A4F7556}") = "InteropGenerator", "FFXIVClientStructs\InteropGenerator\InteropGenerator.csproj", "{1C8DE1C3-A80F-4BAA-BE30-A6FCFE53B61F}"
EndProject
Project("{9A19103F-16F7-4668-BE54-9A1E7A4F7556}") = "InteropGenerator.Runtime", "FFXIVClientStructs\InteropGenerator.Runtime\InteropGenerator.Runtime.csproj", "{D6125D41-88CC-4DFE-B3C7-B5B51E5701B4}"
EndProject
Project("{9A19103F-16F7-4668-BE54-9A1E7A4F7556}") = "FFXIVClientStructs", "FFXIVClientStructs\FFXIVClientStructs\FFXIVClientStructs.csproj", "{C36F8189-78F5-4DF5-B544-C0EA16F5851E}"
EndProject
Project("{9A19103F-16F7-4668-BE54-9A1E7A4F7556}") = "FFXIVClientStructs.Generators", "FFXIVClientStructs\FFXIVClientStructs.Generators\FFXIVClientStructs.Generators.csproj", "{4A4E42E1-D93C-4356-93CB-801166EF94DC}"
EndProject
Global
	GlobalSection(SolutionConfigurationPlatforms) = preSolution
		Debug|Any CPU = Debug|Any CPU
		Release|Any CPU = Release|Any CPU
	EndGlobalSection
	GlobalSection(ProjectConfigurationPlatforms) = postSolution
		{66F84C6F-1F37-4331-AD98-92C10C931CCF}.Debug|Any CPU.ActiveCfg = Debug|x64
		{66F84C6F-1F37-4331-AD98-92C10C931CCF}.Debug|Any CPU.Build.0 = Debug|x64
		{66F84C6F-1F37-4331-AD98-92C10C931CCF}.Release|Any CPU.ActiveCfg = Release|x64
		{66F84C6F-1F37-4331-AD98-92C10C931CCF}.Release|Any CPU.Build.0 = Release|x64
		{12F3003D-1236-4490-A88D-E72092F17DCB}.Debug|Any CPU.ActiveCfg = Debug|x64
		{12F3003D-1236-4490-A88D-E72092F17DCB}.Debug|Any CPU.Build.0 = Debug|x64
		{12F3003D-1236-4490-A88D-E72092F17DCB}.Release|Any CPU.ActiveCfg = Release|x64
		{12F3003D-1236-4490-A88D-E72092F17DCB}.Release|Any CPU.Build.0 = Release|x64
		{1C8DE1C3-A80F-4BAA-BE30-A6FCFE53B61F}.Debug|Any CPU.ActiveCfg = Debug|Any CPU
		{1C8DE1C3-A80F-4BAA-BE30-A6FCFE53B61F}.Debug|Any CPU.Build.0 = Debug|Any CPU
		{1C8DE1C3-A80F-4BAA-BE30-A6FCFE53B61F}.Release|Any CPU.ActiveCfg = Release|Any CPU
		{1C8DE1C3-A80F-4BAA-BE30-A6FCFE53B61F}.Release|Any CPU.Build.0 = Release|Any CPU
		{D6125D41-88CC-4DFE-B3C7-B5B51E5701B4}.Debug|Any CPU.ActiveCfg = Debug|Any CPU
		{D6125D41-88CC-4DFE-B3C7-B5B51E5701B4}.Debug|Any CPU.Build.0 = Debug|Any CPU
		{D6125D41-88CC-4DFE-B3C7-B5B51E5701B4}.Release|Any CPU.ActiveCfg = Release|Any CPU
		{D6125D41-88CC-4DFE-B3C7-B5B51E5701B4}.Release|Any CPU.Build.0 = Release|Any CPU
		{C36F8189-78F5-4DF5-B544-C0EA16F5851E}.Debug|Any CPU.ActiveCfg = Debug|Any CPU
		{C36F8189-78F5-4DF5-B544-C0EA16F5851E}.Debug|Any CPU.Build.0 = Debug|Any CPU
		{C36F8189-78F5-4DF5-B544-C0EA16F5851E}.Release|Any CPU.ActiveCfg = Release|Any CPU
		{C36F8189-78F5-4DF5-B544-C0EA16F5851E}.Release|Any CPU.Build.0 = Release|Any CPU
		{4A4E42E1-D93C-4356-93CB-801166EF94DC}.Debug|Any CPU.ActiveCfg = Debug|Any CPU
		{4A4E42E1-D93C-4356-93CB-801166EF94DC}.Debug|Any CPU.Build.0 = Debug|Any CPU
		{4A4E42E1-D93C-4356-93CB-801166EF94DC}.Release|Any CPU.ActiveCfg = Release|Any CPU
		{4A4E42E1-D93C-4356-93CB-801166EF94DC}.Release|Any CPU.Build.0 = Release|Any CPU
	EndGlobalSection
	GlobalSection(SolutionProperties) = preSolution
		HideSolutionNode = FALSE
	EndGlobalSection
	GlobalSection(ExtensibilityGlobals) = postSolution
		SolutionGuid = {4124F714-7FB9-4E35-9C40-AE1E47D62CAF}
	EndGlobalSection
EndGlobal
