Microsoft Visual Studio Solution File, Format Version 12.00
# Visual Studio Version 17
VisualStudioVersion = 17.0.31606.5
MinimumVisualStudioVersion = 10.0.40219.1
Project("{9A19103F-16F7-4668-BE54-9A1E7A4F7556}") = "HaselTweaks", "HaselTweaks\HaselTweaks.csproj", "{66F84C6F-1F37-4331-AD98-92C10C931CCF}"
EndProject
Project("{9A19103F-16F7-4668-BE54-9A1E7A4F7556}") = "HaselCommon", "HaselCommon\HaselCommon\HaselCommon.csproj", "{12F3003D-1236-4490-A88D-E72092F17DCB}"
EndProject
Project("{9A19103F-16F7-4668-BE54-9A1E7A4F7556}") = "HaselCommon.InteropSourceGenerators", "HaselCommon\HaselCommon.InteropSourceGenerators\HaselCommon.InteropSourceGenerators.csproj", "{13CE5550-F96E-487F-B4D7-7CFAD72872A6}"
EndProject
Project("{9A19103F-16F7-4668-BE54-9A1E7A4F7556}") = "HaselCommon.Text", "HaselCommon\HaselCommon.Text\HaselCommon.Text.csproj", "{E245BDDE-C1E6-4F4D-A4A7-34A1EF8A3EE2}"
EndProject
Global
	GlobalSection(SolutionConfigurationPlatforms) = preSolution
		Debug|Any CPU = Debug|Any CPU
		Debug|x64 = Debug|x64
		Release|Any CPU = Release|Any CPU
		Release|x64 = Release|x64
	EndGlobalSection
	GlobalSection(ProjectConfigurationPlatforms) = postSolution
		{66F84C6F-1F37-4331-AD98-92C10C931CCF}.Debug|Any CPU.ActiveCfg = Debug|x64
		{66F84C6F-1F37-4331-AD98-92C10C931CCF}.Debug|Any CPU.Build.0 = Debug|x64
		{66F84C6F-1F37-4331-AD98-92C10C931CCF}.Debug|x64.ActiveCfg = Debug|x64
		{66F84C6F-1F37-4331-AD98-92C10C931CCF}.Debug|x64.Build.0 = Debug|x64
		{66F84C6F-1F37-4331-AD98-92C10C931CCF}.Release|Any CPU.ActiveCfg = Release|x64
		{66F84C6F-1F37-4331-AD98-92C10C931CCF}.Release|Any CPU.Build.0 = Release|x64
		{66F84C6F-1F37-4331-AD98-92C10C931CCF}.Release|x64.ActiveCfg = Release|x64
		{66F84C6F-1F37-4331-AD98-92C10C931CCF}.Release|x64.Build.0 = Release|x64
		{12F3003D-1236-4490-A88D-E72092F17DCB}.Debug|Any CPU.ActiveCfg = Debug|x64
		{12F3003D-1236-4490-A88D-E72092F17DCB}.Debug|Any CPU.Build.0 = Debug|x64
		{12F3003D-1236-4490-A88D-E72092F17DCB}.Debug|x64.ActiveCfg = Debug|x64
		{12F3003D-1236-4490-A88D-E72092F17DCB}.Debug|x64.Build.0 = Debug|x64
		{12F3003D-1236-4490-A88D-E72092F17DCB}.Release|Any CPU.ActiveCfg = Release|x64
		{12F3003D-1236-4490-A88D-E72092F17DCB}.Release|Any CPU.Build.0 = Release|x64
		{12F3003D-1236-4490-A88D-E72092F17DCB}.Release|x64.ActiveCfg = Release|x64
		{12F3003D-1236-4490-A88D-E72092F17DCB}.Release|x64.Build.0 = Release|x64
		{13CE5550-F96E-487F-B4D7-7CFAD72872A6}.Debug|Any CPU.ActiveCfg = Debug|Any CPU
		{13CE5550-F96E-487F-B4D7-7CFAD72872A6}.Debug|Any CPU.Build.0 = Debug|Any CPU
		{13CE5550-F96E-487F-B4D7-7CFAD72872A6}.Debug|x64.ActiveCfg = Debug|Any CPU
		{13CE5550-F96E-487F-B4D7-7CFAD72872A6}.Debug|x64.Build.0 = Debug|Any CPU
		{13CE5550-F96E-487F-B4D7-7CFAD72872A6}.Release|Any CPU.ActiveCfg = Release|Any CPU
		{13CE5550-F96E-487F-B4D7-7CFAD72872A6}.Release|Any CPU.Build.0 = Release|Any CPU
		{13CE5550-F96E-487F-B4D7-7CFAD72872A6}.Release|x64.ActiveCfg = Release|Any CPU
		{13CE5550-F96E-487F-B4D7-7CFAD72872A6}.Release|x64.Build.0 = Release|Any CPU
		{E245BDDE-C1E6-4F4D-A4A7-34A1EF8A3EE2}.Debug|Any CPU.ActiveCfg = Debug|x64
		{E245BDDE-C1E6-4F4D-A4A7-34A1EF8A3EE2}.Debug|Any CPU.Build.0 = Debug|x64
		{E245BDDE-C1E6-4F4D-A4A7-34A1EF8A3EE2}.Debug|x64.ActiveCfg = Debug|x64
		{E245BDDE-C1E6-4F4D-A4A7-34A1EF8A3EE2}.Debug|x64.Build.0 = Debug|x64
		{E245BDDE-C1E6-4F4D-A4A7-34A1EF8A3EE2}.Release|Any CPU.ActiveCfg = Release|x64
		{E245BDDE-C1E6-4F4D-A4A7-34A1EF8A3EE2}.Release|Any CPU.Build.0 = Release|x64
		{E245BDDE-C1E6-4F4D-A4A7-34A1EF8A3EE2}.Release|x64.ActiveCfg = Release|x64
		{E245BDDE-C1E6-4F4D-A4A7-34A1EF8A3EE2}.Release|x64.Build.0 = Release|x64
	EndGlobalSection
	GlobalSection(SolutionProperties) = preSolution
		HideSolutionNode = FALSE
	EndGlobalSection
	GlobalSection(ExtensibilityGlobals) = postSolution
		SolutionGuid = {4124F714-7FB9-4E35-9C40-AE1E47D62CAF}
	EndGlobalSection
EndGlobal
