
Microsoft Visual Studio Solution File, Format Version 12.00
# Visual Studio Version 17
VisualStudioVersion = 17.0.31606.5
MinimumVisualStudioVersion = 10.0.40219.1
Project("{9A19103F-16F7-4668-BE54-9A1E7A4F7556}") = "HaselTweaks", "HaselTweaks.csproj", "{66F84C6F-1F37-4331-AD98-92C10C931CCF}"
EndProject
Project("{9A19103F-16F7-4668-BE54-9A1E7A4F7556}") = "HaselTweaks.Generators", "Generators\HaselTweaks.Generators.csproj", "{92E53B74-0E6F-4325-95D3-27C539F211BC}"
EndProject
Global
	GlobalSection(SolutionConfigurationPlatforms) = preSolution
		Debug|Any CPU = Debug|Any CPU
		Debug|x64 = Debug|x64
		Release|Any CPU = Release|Any CPU
		Release|x64 = Release|x64
	EndGlobalSection
	GlobalSection(ProjectConfigurationPlatforms) = postSolution
		{66F84C6F-1F37-4331-AD98-92C10C931CCF}.Debug|Any CPU.ActiveCfg = Debug|x64
		{66F84C6F-1F37-4331-AD98-92C10C931CCF}.Debug|Any CPU.Build.0 = Debug|x64
		{66F84C6F-1F37-4331-AD98-92C10C931CCF}.Debug|x64.ActiveCfg = Debug|x64
		{66F84C6F-1F37-4331-AD98-92C10C931CCF}.Debug|x64.Build.0 = Debug|x64
		{66F84C6F-1F37-4331-AD98-92C10C931CCF}.Release|Any CPU.ActiveCfg = Release|x64
		{66F84C6F-1F37-4331-AD98-92C10C931CCF}.Release|Any CPU.Build.0 = Release|x64
		{66F84C6F-1F37-4331-AD98-92C10C931CCF}.Release|x64.ActiveCfg = Release|x64
		{66F84C6F-1F37-4331-AD98-92C10C931CCF}.Release|x64.Build.0 = Release|x64
		{92E53B74-0E6F-4325-95D3-27C539F211BC}.Debug|Any CPU.ActiveCfg = Debug|Any CPU
		{92E53B74-0E6F-4325-95D3-27C539F211BC}.Debug|Any CPU.Build.0 = Debug|Any CPU
		{92E53B74-0E6F-4325-95D3-27C539F211BC}.Debug|x64.ActiveCfg = Debug|Any CPU
		{92E53B74-0E6F-4325-95D3-27C539F211BC}.Debug|x64.Build.0 = Debug|Any CPU
		{92E53B74-0E6F-4325-95D3-27C539F211BC}.Release|Any CPU.ActiveCfg = Release|Any CPU
		{92E53B74-0E6F-4325-95D3-27C539F211BC}.Release|Any CPU.Build.0 = Release|Any CPU
		{92E53B74-0E6F-4325-95D3-27C539F211BC}.Release|x64.ActiveCfg = Release|Any CPU
		{92E53B74-0E6F-4325-95D3-27C539F211BC}.Release|x64.Build.0 = Release|Any CPU
	EndGlobalSection
	GlobalSection(SolutionProperties) = preSolution
		HideSolutionNode = FALSE
	EndGlobalSection
	GlobalSection(ExtensibilityGlobals) = postSolution
		SolutionGuid = {4124F714-7FB9-4E35-9C40-AE1E47D62CAF}
	EndGlobalSection
EndGlobal
