{
  "version": 1,
  "dependencies": {
    "net7.0-windows7.0": {
      "Dalamud.ContextMenu": {
        "type": "Direct",
        "requested": "[1.2.2, )",
        "resolved": "1.2.2",
        "contentHash": "k+bCV7Xyxx/MCWFIEucSkQxQ9w+Zzz/FwIFOkSAh+13/F8IngivbRuL5NpDz9eAhlqnkifcPIycIKSauxNWHUg=="
      },
      "DalamudPackager": {
        "type": "Direct",
        "requested": "[2.1.11, )",
        "resolved": "2.1.11",
        "contentHash": "9qlAWoRRTiL/geAvuwR/g6Bcbrd/bJJgVnB/RurBiyKs6srsP0bvpoo8IK+Eg8EA6jWeM6/YJWs66w4FIAzqPw=="
      },
      "Microsoft.SourceLink.GitHub": {
        "type": "Direct",
        "requested": "[1.1.1, )",
        "resolved": "1.1.1",
        "contentHash": "IaJGnOv/M7UQjRJks7B6p7pbPnOwisYGOIzqCz5ilGFTApZ3ktOR+6zJ12ZRPInulBmdAf1SrGdDG2MU8g6XTw==",
        "dependencies": {
          "Microsoft.Build.Tasks.Git": "1.1.1",
          "Microsoft.SourceLink.Common": "1.1.1"
        }
      },
      "SixLabors.ImageSharp": {
        "type": "Direct",
        "requested": "[3.0.1, )",
        "resolved": "3.0.1",
        "contentHash": "o0v/J6SJwp3RFrzR29beGx0cK7xcMRgOyIuw8ZNLQyNnBhiyL/vIQKn7cfycthcWUPG3XezUjFwBWzkcUUDFbg=="
      },
      "System.IO.Hashing": {
        "type": "Direct",
        "requested": "[7.0.0, )",
        "resolved": "7.0.0",
        "contentHash": "sDnWM0N3AMCa86LrKTWeF3BZLD2sgWyYUc7HL6z4+xyDZNQRwzmxbo4qP2rX2MqC+Sy1/gOSRDah5ltxY5jPxw=="
      },
      "Microsoft.Build.Tasks.Git": {
        "type": "Transitive",
        "resolved": "1.1.1",
        "contentHash": "AT3HlgTjsqHnWpBHSNeR0KxbLZD7bztlZVj7I8vgeYG9SYqbeFGh0TM/KVtC6fg53nrWHl3VfZFvb5BiQFcY6Q=="
      },
      "Microsoft.SourceLink.Common": {
        "type": "Transitive",
        "resolved": "1.1.1",
        "contentHash": "WMcGpWKrmJmzrNeuaEb23bEMnbtR/vLmvZtkAP5qWu7vQsY59GqfRJd65sFpBszbd2k/bQ8cs8eWawQKAabkVg=="
      }
    }
  }
}