
Microsoft Visual Studio Solution File, Format Version 12.00
# Visual Studio Version 17
VisualStudioVersion = 17.5.002.0
MinimumVisualStudioVersion = 10.0.40219.1
Project("{9A19103F-16F7-4668-BE54-9A1E7A4F7556}") = "HaselTweaks", "HaselTweaks.csproj", "{68645C43-8F72-416D-9403-7CE3500697C0}"
EndProject
Global
	GlobalSection(SolutionConfigurationPlatforms) = preSolution
		Debug|Any CPU = Debug|Any CPU
		Release|Any CPU = Release|Any CPU
	EndGlobalSection
	GlobalSection(ProjectConfigurationPlatforms) = postSolution
		{68645C43-8F72-416D-9403-7CE3500697C0}.Debug|Any CPU.ActiveCfg = Debug|Any CPU
		{68645C43-8F72-416D-9403-7CE3500697C0}.Debug|Any CPU.Build.0 = Debug|Any CPU
		{68645C43-8F72-416D-9403-7CE3500697C0}.Release|Any CPU.ActiveCfg = Release|Any CPU
		{68645C43-8F72-416D-9403-7CE3500697C0}.Release|Any CPU.Build.0 = Release|Any CPU
	EndGlobalSection
	GlobalSection(SolutionProperties) = preSolution
		HideSolutionNode = FALSE
	EndGlobalSection
	GlobalSection(ExtensibilityGlobals) = postSolution
		SolutionGuid = {240671D9-4364-449D-95F4-413360A22447}
	EndGlobalSection
EndGlobal
