{
  "version": 1,
  "dependencies": {
    "net8.0-windows7.0": {
      "DalamudPackager": {
        "type": "Direct",
        "requested": "[2.1.13, )",
        "resolved": "2.1.13",
        "contentHash": "rMN1omGe8536f4xLMvx9NwfvpAc9YFFfeXJ1t4P4PE6Gu8WCIoFliR1sh07hM+bfODmesk/dvMbji7vNI+B/pQ=="
      },
      "Microsoft.Extensions.DependencyInjection.Abstractions": {
        "type": "Direct",
        "requested": "[9.0.0, )",
        "resolved": "9.0.0",
        "contentHash": "+6f2qv2a3dLwd5w6JanPIPs47CxRbnk+ZocMJUhv9NxP88VlOcJYZs9jY+MYSjxvady08bUZn6qgiNh7DadGgg=="
      },
      "Microsoft.Extensions.Logging.Abstractions": {
        "type": "Direct",
        "requested": "[9.0.0, )",
        "resolved": "9.0.0",
        "contentHash": "g0UfujELzlLbHoVG8kPKVBaW470Ewi+jnptGS9KUi6jcb+k2StujtK3m26DFSGGwQ/+bVgZfsWqNzlP6YOejvw==",
        "dependencies": {
          "Microsoft.Extensions.DependencyInjection.Abstractions": "9.0.0",
          "System.Diagnostics.DiagnosticSource": "9.0.0"
        }
      },
      "Microsoft.SourceLink.GitHub": {
        "type": "Direct",
        "requested": "[8.0.0, )",
        "resolved": "8.0.0",
        "contentHash": "G5q7OqtwIyGTkeIOAc3u2ZuV/kicQaec5EaRnc0pIeSnh9LUjj+PYQrJYBURvDt7twGl2PKA7nSN0kz1Zw5bnQ==",
        "dependencies": {
          "Microsoft.Build.Tasks.Git": "8.0.0",
          "Microsoft.SourceLink.Common": "8.0.0"
        }
      },
      "Microsoft.Windows.CsWin32": {
        "type": "Direct",
        "requested": "[0.3.106, )",
        "resolved": "0.3.106",
        "contentHash": "Mx5fK7uN6fwLR4wUghs6//HonAnwPBNmC2oonyJVhCUlHS/r6SUS3NkBc3+gaQiv+0/9bqdj1oSCKQFkNI+21Q==",
        "dependencies": {
          "Microsoft.Windows.SDK.Win32Docs": "0.1.42-alpha",
          "Microsoft.Windows.SDK.Win32Metadata": "60.0.34-preview",
          "Microsoft.Windows.WDK.Win32Metadata": "0.11.4-experimental"
        }
      },
      "SixLabors.ImageSharp": {
        "type": "Direct",
        "requested": "[3.1.5, )",
        "resolved": "3.1.5",
        "contentHash": "lNtlq7dSI/QEbYey+A0xn48z5w4XHSffF8222cC4F4YwTXfEImuiBavQcWjr49LThT/pRmtWJRcqA/PlL+eJ6g=="
      },
      "Haselnussbomber.YogaSharp": {
        "type": "Transitive",
        "resolved": "1.0.4",
        "contentHash": "3X8eUskaZZV0V6YoiIZVHBDYH+55x8N/Ll1MYCKyh7wiURbJ/TNRlhldZ++i6TnYdCIGinlvrRjSki6qY+OdiQ=="
      },
      "JetBrains.Annotations": {
        "type": "Transitive",
        "resolved": "2021.2.0",
        "contentHash": "kKSyoVfndMriKHLfYGmr0uzQuI4jcc3TKGyww7buJFCYeHb/X0kodYBPL7n9454q7v6ASiRmDgpPGaDGerg/Hg=="
      },
      "Microsoft.Build.Tasks.Git": {
        "type": "Transitive",
        "resolved": "8.0.0",
        "contentHash": "bZKfSIKJRXLTuSzLudMFte/8CempWjVamNUR5eHJizsy+iuOuO/k2gnh7W0dHJmYY0tBf+gUErfluCv5mySAOQ=="
      },
      "Microsoft.Extensions.DependencyInjection": {
        "type": "Transitive",
        "resolved": "8.0.1",
        "contentHash": "BmANAnR5Xd4Oqw7yQ75xOAYODybZQRzdeNucg7kS5wWKd2PNnMdYtJ2Vciy0QLylRmv42DGl5+AFL9izA6F1Rw==",
        "dependencies": {
          "Microsoft.Extensions.DependencyInjection.Abstractions": "8.0.2"
        }
      },
      "Microsoft.Extensions.Logging": {
        "type": "Transitive",
        "resolved": "8.0.1",
        "contentHash": "4x+pzsQEbqxhNf1QYRr5TDkLP9UsLT3A6MdRKDDEgrW7h1ljiEPgTNhKYUhNCCAaVpQECVQ+onA91PTPnIp6Lw==",
        "dependencies": {
          "Microsoft.Extensions.DependencyInjection": "8.0.1",
          "Microsoft.Extensions.Logging.Abstractions": "8.0.2",
          "Microsoft.Extensions.Options": "8.0.2"
        }
      },
      "Microsoft.Extensions.Options": {
        "type": "Transitive",
        "resolved": "8.0.2",
        "contentHash": "dWGKvhFybsaZpGmzkGCbNNwBD1rVlWzrZKANLW/CcbFJpCEceMCGzT7zZwHOGBCbwM0SzBuceMj5HN1LKV1QqA==",
        "dependencies": {
          "Microsoft.Extensions.DependencyInjection.Abstractions": "8.0.0",
          "Microsoft.Extensions.Primitives": "8.0.0"
        }
      },
      "Microsoft.Extensions.Primitives": {
        "type": "Transitive",
        "resolved": "8.0.0",
        "contentHash": "bXJEZrW9ny8vjMF1JV253WeLhpEVzFo1lyaZu1vQ4ZxWUlVvknZ/+ftFgVheLubb4eZPSwwxBeqS1JkCOjxd8g=="
      },
      "Microsoft.SourceLink.Common": {
        "type": "Transitive",
        "resolved": "8.0.0",
        "contentHash": "dk9JPxTCIevS75HyEQ0E4OVAFhB2N+V9ShCXf8Q6FkUQZDkgLI12y679Nym1YqsiSysuQskT7Z+6nUf3yab6Vw=="
      },
      "Microsoft.Windows.SDK.Win32Docs": {
        "type": "Transitive",
        "resolved": "0.1.42-alpha",
        "contentHash": "Z/9po23gUA9aoukirh2ItMU2ZS9++Js9Gdds9fu5yuMojDrmArvY2y+tq9985tR3cxFxpZO1O35Wjfo0khj5HA=="
      },
      "Microsoft.Windows.SDK.Win32Metadata": {
        "type": "Transitive",
        "resolved": "60.0.34-preview",
        "contentHash": "TA3DUNi4CTeo+ItTXBnGZFt2159XOGSl0UOlG5vjDj4WHqZjhwYyyUnzOtrbCERiSaP2Hzg7otJNWwOSZgutyA=="
      },
      "Microsoft.Windows.WDK.Win32Metadata": {
        "type": "Transitive",
        "resolved": "0.11.4-experimental",
        "contentHash": "bf5MCmUyZf0gBlYQjx9UpRAZWBkRndyt9XicR+UNLvAUAFTZQbu6YaX/sNKZlR98Grn0gydfh/yT4I3vc0AIQA==",
        "dependencies": {
          "Microsoft.Windows.SDK.Win32Metadata": "60.0.34-preview"
        }
      },
      "System.Diagnostics.DiagnosticSource": {
        "type": "Transitive",
        "resolved": "9.0.0",
        "contentHash": "ddppcFpnbohLWdYKr/ZeLZHmmI+DXFgZ3Snq+/E7SwcdW4UnvxmaugkwGywvGVWkHPGCSZjCP+MLzu23AL5SDw=="
      },
      "ffxivclientstructs": {
        "type": "Project",
        "dependencies": {
          "InteropGenerator.Runtime": "[1.0.0, )",
          "JetBrains.Annotations": "[2021.2.0, )"
        }
      },
      "haselcommon": {
        "type": "Project",
        "dependencies": {
          "FFXIVClientStructs": "[1.0.0, )",
          "Haselnussbomber.YogaSharp": "[1.0.4, )",
          "Microsoft.Extensions.DependencyInjection": "[8.0.1, )",
          "Microsoft.Extensions.Logging": "[8.0.1, )"
        }
      },
      "interopgenerator.runtime": {
        "type": "Project"
      }
    }
  }
}